{
  "requires": true,
  "lockfileVersion": 1,
  "dependencies": {
    "bignumber.js": {
      "version": "4.0.2",
      "resolved": "https://registry.npmjs.org/bignumber.js/-/bignumber.js-4.0.2.tgz",
      "integrity": "sha1-LR3DfuWWiGfs6pC22k0W5oYI0h0="
    },
    "buffer-writer": {
      "version": "1.0.1",
      "resolved": "https://registry.npmjs.org/buffer-writer/-/buffer-writer-1.0.1.tgz",
      "integrity": "sha1-Iqk2kB4wKa/NdUfrRIfOtpejvwg="
    },
    "concat-stream": {
      "version": "1.6.0",
      "resolved": "https://registry.npmjs.org/concat-stream/-/concat-stream-1.6.0.tgz",
      "integrity": "sha1-CqxmL9Ur54lk1VMvaUeE5wEQrPc=",
      "requires": {
        "inherits": "2.0.3",
        "readable-stream": "2.3.3",
        "typedarray": "0.0.6"
      }
    },
    "core-util-is": {
      "version": "1.0.2",
      "resolved": "https://registry.npmjs.org/core-util-is/-/core-util-is-1.0.2.tgz",
      "integrity": "sha1-tf1UIgqivFq1eqtxQMlAdUUDwac="
    },
    "generic-pool": {
      "version": "2.4.3",
      "resolved": "https://registry.npmjs.org/generic-pool/-/generic-pool-2.4.3.tgz",
      "integrity": "sha1-eAw29p360FpaBF3Te+etyhGk9v8="
    },
    "inherits": {
      "version": "2.0.3",
      "resolved": "https://registry.npmjs.org/inherits/-/inherits-2.0.3.tgz",
      "integrity": "sha1-Yzwsg+PaQqUC9SRmAiSA9CCCYd4="
    },
    "isarray": {
      "version": "1.0.0",
      "resolved": "https://registry.npmjs.org/isarray/-/isarray-1.0.0.tgz",
      "integrity": "sha1-u5NdSFgsuhaMBoNJV6VKPgcSTxE="
    },
    "js-string-escape": {
      "version": "1.0.1",
      "resolved": "https://registry.npmjs.org/js-string-escape/-/js-string-escape-1.0.1.tgz",
      "integrity": "sha1-4mJbrbwNZ8dTPp7cEGjFh65BN+8="
    },
    "json-buffer": {
      "version": "2.0.11",
      "resolved": "https://registry.npmjs.org/json-buffer/-/json-buffer-2.0.11.tgz",
      "integrity": "sha1-PkQf2jCYvo0eMXGtWRvGKjPi1V8="
    },
    "locutus": {
      "version": "2.0.9",
      "resolved": "https://registry.npmjs.org/locutus/-/locutus-2.0.9.tgz",
      "integrity": "sha1-4mWvHoX9GRc+dDhjc4iFYHg6Avw="
    },
    "mysql": {
      "version": "2.14.1",
      "resolved": "https://registry.npmjs.org/mysql/-/mysql-2.14.1.tgz",
      "integrity": "sha1-6TJAFegQpQq9qUhVyrQe361WKEo=",
      "requires": {
        "bignumber.js": "4.0.2",
        "readable-stream": "2.3.3",
        "safe-buffer": "5.1.1",
        "sqlstring": "2.2.0"
      }
    },
    "object-assign": {
      "version": "4.1.0",
      "resolved": "https://registry.npmjs.org/object-assign/-/object-assign-4.1.0.tgz",
      "integrity": "sha1-ejs9DpgGPUP0wD8uiubNUahog6A="
    },
    "packet-reader": {
      "version": "0.3.1",
      "resolved": "https://registry.npmjs.org/packet-reader/-/packet-reader-0.3.1.tgz",
      "integrity": "sha1-zWLmCvjX/qinBexP+ZCHHEaHHyc="
    },
    "pg": {
      "version": "6.4.2",
      "resolved": "https://registry.npmjs.org/pg/-/pg-6.4.2.tgz",
      "integrity": "sha1-w2QBEGDqx6UHoq4GPrhX7OkQ4n8=",
      "requires": {
        "buffer-writer": "1.0.1",
        "js-string-escape": "1.0.1",
        "packet-reader": "0.3.1",
        "pg-connection-string": "0.1.3",
        "pg-pool": "1.8.0",
        "pg-types": "1.13.0",
        "pgpass": "1.0.2",
        "semver": "4.3.2"
      }
    },
    "pg-connection-string": {
      "version": "0.1.3",
      "resolved": "https://registry.npmjs.org/pg-connection-string/-/pg-connection-string-0.1.3.tgz",
      "integrity": "sha1-2hhHsglA5C7hSSvq9l1J2RskXfc="
    },
    "pg-int8": {
      "version": "1.0.1",
      "resolved": "https://registry.npmjs.org/pg-int8/-/pg-int8-1.0.1.tgz",
      "integrity": "sha512-WCtabS6t3c8SkpDBUlb1kjOs7l66xsGdKpIPZsg4wR+B3+u9UAum2odSsF9tnvxg80h4ZxLWMy4pRjOsFIqQpw=="
    },
    "pg-pool": {
      "version": "1.8.0",
      "resolved": "https://registry.npmjs.org/pg-pool/-/pg-pool-1.8.0.tgz",
      "integrity": "sha1-9+xzgkw3oD8Hb1G/33DjQBR8Tzc=",
      "requires": {
        "generic-pool": "2.4.3",
        "object-assign": "4.1.0"
      }
    },
    "pg-types": {
      "version": "1.13.0",
      "resolved": "https://registry.npmjs.org/pg-types/-/pg-types-1.13.0.tgz",
      "integrity": "sha512-lfKli0Gkl/+za/+b6lzENajczwZHc7D5kiUCZfgm914jipD2kIOIvEkAhZ8GrW3/TUoP9w8FHjwpPObBye5KQQ==",
      "requires": {
        "pg-int8": "1.0.1",
        "postgres-array": "1.0.2",
        "postgres-bytea": "1.0.0",
        "postgres-date": "1.0.3",
        "postgres-interval": "1.1.1"
      }
    },
    "pgpass": {
      "version": "1.0.2",
      "resolved": "https://registry.npmjs.org/pgpass/-/pgpass-1.0.2.tgz",
      "integrity": "sha1-Knu0G2BltnkH6R2hsHwYR8h3swY=",
      "requires": {
        "split": "1.0.1"
      }
    },
    "postgres-array": {
      "version": "1.0.2",
      "resolved": "https://registry.npmjs.org/postgres-array/-/postgres-array-1.0.2.tgz",
      "integrity": "sha1-jgsy6wO/d6XAp4UeBEHBaaJWojg="
    },
    "postgres-bytea": {
      "version": "1.0.0",
      "resolved": "https://registry.npmjs.org/postgres-bytea/-/postgres-bytea-1.0.0.tgz",
      "integrity": "sha1-AntTPAqokOJtFy1Hz5zOzFIazTU="
    },
    "postgres-date": {
      "version": "1.0.3",
      "resolved": "https://registry.npmjs.org/postgres-date/-/postgres-date-1.0.3.tgz",
      "integrity": "sha1-4tiXAu/bJY/52c7g/pG9BpdSV6g="
    },
    "postgres-interval": {
      "version": "1.1.1",
      "resolved": "https://registry.npmjs.org/postgres-interval/-/postgres-interval-1.1.1.tgz",
      "integrity": "sha512-OkuCi9t/3CZmeQreutGgx/OVNv9MKHGIT5jH8KldQ4NLYXkvmT9nDVxEuCENlNwhlGPE374oA/xMqn05G49pHA==",
      "requires": {
        "xtend": "4.0.1"
      }
    },
    "process-nextick-args": {
      "version": "1.0.7",
      "resolved": "https://registry.npmjs.org/process-nextick-args/-/process-nextick-args-1.0.7.tgz",
      "integrity": "sha1-FQ4gt1ZZCtP5EJPyWk8q2L/zC6M="
    },
    "readable-stream": {
      "version": "2.3.3",
      "resolved": "https://registry.npmjs.org/readable-stream/-/readable-stream-2.3.3.tgz",
      "integrity": "sha1-No8lEtefnUb9/HE0mueHi7weuVw=",
      "requires": {
        "core-util-is": "1.0.2",
        "inherits": "2.0.3",
        "isarray": "1.0.0",
        "process-nextick-args": "1.0.7",
        "safe-buffer": "5.1.1",
        "string_decoder": "1.0.3",
        "util-deprecate": "1.0.2"
      }
    },
    "safe-buffer": {
      "version": "5.1.1",
      "resolved": "https://registry.npmjs.org/safe-buffer/-/safe-buffer-5.1.1.tgz",
      "integrity": "sha1-iTMSr2myEj3vcfV4iQAWce6yyFM="
    },
    "semver": {
      "version": "4.3.2",
      "resolved": "https://registry.npmjs.org/semver/-/semver-4.3.2.tgz",
      "integrity": "sha1-x6BxWKgL7dBSNVt3DYLWZA+AO+c="
    },
    "split": {
      "version": "1.0.1",
      "resolved": "https://registry.npmjs.org/split/-/split-1.0.1.tgz",
      "integrity": "sha512-mTyOoPbrivtXnwnIxZRFYRrPNtEFKlpB2fvjSnCQUiAA6qAZzqwna5envK4uk6OIeP17CsdF3rSBGYVBsU0Tkg==",
      "requires": {
        "through": "2.3.8"
      }
    },
    "sqlstring": {
      "version": "2.2.0",
      "resolved": "https://registry.npmjs.org/sqlstring/-/sqlstring-2.2.0.tgz",
      "integrity": "sha1-wxNcTqirzX5+50GklmqJHYak8ZE="
    },
    "string_decoder": {
      "version": "1.0.3",
      "resolved": "https://registry.npmjs.org/string_decoder/-/string_decoder-1.0.3.tgz",
      "integrity": "sha1-D8Z9fBQYJd6UKC3VNr7GubzoYKs=",
      "requires": {
        "safe-buffer": "5.1.1"
      }
    },
    "sync-sql": {
      "version": "github:cristidraghici/sync-sql#1fa5d16aa9d47f81802f8796c8255452ece73804",
      "requires": {
        "concat-stream": "1.6.0",
        "json-buffer": "2.0.11",
        "mysql": "2.14.1",
        "pg": "6.4.2"
      }
    },
    "through": {
      "version": "2.3.8",
      "resolved": "https://registry.npmjs.org/through/-/through-2.3.8.tgz",
      "integrity": "sha1-DdTJ/6q8NXlgsbckEV1+Doai4fU="
    },
    "typedarray": {
      "version": "0.0.6",
      "resolved": "https://registry.npmjs.org/typedarray/-/typedarray-0.0.6.tgz",
      "integrity": "sha1-hnrHTjhkGHsdPUfZlqeOxciDB3c="
    },
    "util-deprecate": {
      "version": "1.0.2",
      "resolved": "https://registry.npmjs.org/util-deprecate/-/util-deprecate-1.0.2.tgz",
      "integrity": "sha1-RQ1Nyfpw3nMnYvvS1KKJgUGaDM8="
    },
    "xtend": {
      "version": "4.0.1",
      "resolved": "https://registry.npmjs.org/xtend/-/xtend-4.0.1.tgz",
      "integrity": "sha1-pcbVMr5lbiPbgg77lDofBJmNY68="
    }
  }
}
